{
    "_meta": {
        "hash": {
            "sha256": "d3cf493808ea2b55f390e5690db8edcb6ef66f011ec16313697d6f06ed329934"
        },
        "pipfile-spec": 6,
        "requires": {
            "python_version": "3.9"
        },
        "sources": [
            {
                "name": "pypi",
                "url": "https://pypi.org/simple",
                "verify_ssl": true
            }
        ]
    },
    "default": {
        "pycapnp": {
            "hashes": [
                "sha256:37aaf0023939d00cd0554030b09caea194216df35831fd39677cf898954d1e57",
                "sha256:485e91799304095aa99ff5561ba1755d566f60e710f78307e32716ec0d1835e9",
                "sha256:4a01246579646e06ce7b6f5c70c0465c0a457fb42c0ead06f410518509dd9325",
                "sha256:78ec9536791f53a00b87dd93b0447e66bb1fbfe556130748e4743faca90a7028",
                "sha256:863a6e66c786b83bd4dce37680f3d006760ade25ce0d25d4ebf229c352b465c1",
                "sha256:9f6fcca349ebf2ec04ca7eacb076aea3e4fcdc010ac33c98b54f0a19d4e5d3e0",
                "sha256:b56933e65518ca204550d67a6d68742e05cce17264f04ff820a20872d76aee55",
                "sha256:d0fcbffb8326e05b4d41928312b967e1ddcee6cc600287e86118e7fde1de9f5c",
                "sha256:d3ebaf2796eeaa79e2f632d8d6509e7ea0e614513d133a4d1bc37fafdde5b7f6",
                "sha256:db4cf60c0fbdb0a63209280324f183dbe16a5ef9add4c3bf5fb34b0f10c3ec42",
                "sha256:e2c7e8fb71add9ab392ef773bcfff95998ec1a65ad4cdefbdb3f09b202ac4e7a",
                "sha256:e3c377fb3014e480ae10b6c8d0f84bdf3487516efe6ca7caf168ddea68c5cd7a",
                "sha256:fc0c9ddb2099ef1c33bcebbea287f54e33cb52a701e59d7d12d54eeff36d0f96"
            ],
            "index": "pypi",
            "version": "==1.0.0"
        }
    },
    "develop": {}
}
